<?xml version="1.0" encoding="utf-8"?>
<Project ToolsVersion="4.0" xmlns="http://schemas.microsoft.com/developer/msbuild/2003">
  <ItemGroup>
    <Filter Include="Common">
      <UniqueIdentifier>5a13b4ed-a8fF2-4240-a44d-11cc000aecf0</UniqueIdentifier>
    </Filter>
    <Filter Include="Assets">
      <UniqueIdentifier>baae49b0-ff10-4fbc-9654-2768fd11b189</UniqueIdentifier>
      <Extensions>bmp;fbx;gif;jpg;jpeg;tga;tiff;tif;png</Extensions>
    </Filter>
    <Filter Include="Content">
      <UniqueIdentifier>3a34d6e5-333d-4c09-9510-3c08e8e5109b</UniqueIdentifier>
    </Filter>
    <ClInclude Include="Common\DirectXHelper.h">
      <Filter>Common</Filter>
    </ClInclude>
    <ClInclude Include="Common\StepTimer.h">
      <Filter>Common</Filter>
    </ClInclude>
    <ClInclude Include="Common\DeviceResources.h">
      <Filter>Common</Filter>
    </ClInclude>
    <ClCompile Include="Common\DeviceResources.cpp">
      <Filter>Common</Filter>
    </ClCompile>
    <ClInclude Include="Content\ShaderStructures.h">
      <Filter>Content</Filter>
    </ClInclude>
    <FxCompile Include="Content\SamplePixelShader.hlsl">
      <Filter>Content</Filter>
    </FxCompile>
    <FxCompile Include="Content\SampleVertexShader.hlsl">
      <Filter>Content</Filter>
    </FxCompile>
    <Image Include="Assets\LockScreenLogo.scale-200.png">
      <Filter>Assets</Filter>
    </Image>
    <Image Include="Assets\SplashScreen.scale-200.png">
      <Filter>Assets</Filter>
    </Image>
    <Image Include="Assets\Square150x150Logo.scale-200.png">
      <Filter>Assets</Filter>
    </Image>
    <Image Include="Assets\Square44x44Logo.scale-200.png">
      <Filter>Assets</Filter>
    </Image>
    <Image Include="Assets\Square44x44Logo.targetsize-24_altform-unplated.png">
      <Filter>Assets</Filter>
    </Image>
    <Image Include="Assets\Wide310x150Logo.scale-200.png">
      <Filter>Assets</Filter>
    </Image>
  </ItemGroup>
  <ItemGroup>
    <ApplicationDefinition Include="App.xaml" />
  </ItemGroup>
  <ItemGroup>
    <ClCompile Include="Hot3dxRotoDrawMain.cpp" />
    <ClCompile Include="pch.cpp" />
    <ClCompile Include="CardioidSound.cpp" />
    <ClCompile Include="CustomDecay.cpp" />
    <ClCompile Include="OmnidirectionalSound.cpp" />
    <ClCompile Include="Content\Hot3dxRotoDrawVariables.cpp">
      <Filter>Content</Filter>
    </ClCompile>
    <ClCompile Include="Content\Hot3dxRotoDrawSceneRender.cpp">
      <Filter>Content</Filter>
    </ClCompile>
    <ClCompile Include="Content\Hot3dxDrawnObject.cpp">
      <Filter>Content</Filter>
    </ClCompile>
    <ClCompile Include="Hot3dxRotoDrawConfiguration.cpp" />
    <ClCompile Include="Scenario5_MatsTexsConfig.cpp" />
  </ItemGroup>
  <ItemGroup>
    <ClInclude Include="Hot3dxRotoDrawMain.h" />
    <ClInclude Include="pch.h" />
    <ClInclude Include="Common\d3dx12.h">
      <Filter>Common</Filter>
    </ClInclude>
    <ClInclude Include="CardioidSound.h" />
    <ClInclude Include="CustomDecay.h" />
    <ClInclude Include="OmnidirectionalSound.h" />
    <ClInclude Include="Content\Hot3dxRotoDrawVariables.h">
      <Filter>Content</Filter>
    </ClInclude>
    <ClInclude Include="Content\Hot3dxRotoDrawSceneRender.h">
      <Filter>Content</Filter>
    </ClInclude>
    <ClInclude Include="Content\Hot3dxDrawnObject.h">
      <Filter>Content</Filter>
    </ClInclude>
    <ClInclude Include="Hot3dxRotoDrawConfiguration.h" />
    <ClInclude Include="Scenario5_MatsTexsConfig.h" />
  </ItemGroup>
  <ItemGroup>
    <Image Include="Assets\StoreLogo.png">
      <Filter>Assets</Filter>
    </Image>
    <Image Include="Assets\__TemplateIcon.ico">
      <Filter>Assets</Filter>
    </Image>
    <Image Include="Assets\AppXamlDX12.png">
      <Filter>Assets</Filter>
    </Image>
    <Image Include="Assets\AutoDraw2.ico">
      <Filter>Assets</Filter>
    </Image>
    <Image Include="Assets\bitmap1.bmp">
      <Filter>Assets</Filter>
    </Image>
    <Image Include="Assets\bitmap2.bmp">
      <Filter>Assets</Filter>
    </Image>
    <Image Include="Assets\bitmap3.bmp">
      <Filter>Assets</Filter>
    </Image>
    <Image Include="Assets\GamD12UW.png">
      <Filter>Assets</Filter>
    </Image>
    <Image Include="Assets\icon1.ico">
      <Filter>Assets</Filter>
    </Image>
    <Image Include="Assets\Logo.png">
      <Filter>Assets</Filter>
    </Image>
    <Image Include="Assets\Logo.scale-200.png">
      <Filter>Assets</Filter>
    </Image>
    <Image Include="Assets\MakerC1.ico">
      <Filter>Assets</Filter>
    </Image>
    <Image Include="Assets\seafloor.dds">
      <Filter>Assets</Filter>
    </Image>
    <Image Include="Assets\SmallLogo.png">
      <Filter>Assets</Filter>
    </Image>
    <Image Include="Assets\SmallLogo.scale-200.png">
      <Filter>Assets</Filter>
    </Image>
    <Image Include="Assets\SplashScreen.scale-100.png">
      <Filter>Assets</Filter>
    </Image>
    <Image Include="Assets\SplashScreen.scale-125.png">
      <Filter>Assets</Filter>
    </Image>
    <Image Include="Assets\SplashScreen.scale-150.png">
      <Filter>Assets</Filter>
    </Image>
    <Image Include="Assets\SplashScreen.scale-400.png">
      <Filter>Assets</Filter>
    </Image>
    <Image Include="Assets\splash-windows-sdk.scale-100.png">
      <Filter>Assets</Filter>
    </Image>
    <Image Include="Assets\splash-windows-sdk.scale-200.png">
      <Filter>Assets</Filter>
    </Image>
    <Image Include="Assets\Square44x44Logo.altform-lightunplated_targetsize-16.png">
      <Filter>Assets</Filter>
    </Image>
    <Image Include="Assets\Square44x44Logo.altform-lightunplated_targetsize-24.png">
      <Filter>Assets</Filter>
    </Image>
    <Image Include="Assets\Square44x44Logo.altform-lightunplated_targetsize-32.png">
      <Filter>Assets</Filter>
    </Image>
    <Image Include="Assets\Square44x44Logo.altform-lightunplated_targetsize-48.png">
      <Filter>Assets</Filter>
    </Image>
    <Image Include="Assets\Square44x44Logo.altform-lightunplated_targetsize-256.png">
      <Filter>Assets</Filter>
    </Image>
    <Image Include="Assets\Square44x44Logo.altform-unplated_targetsize-16.png">
      <Filter>Assets</Filter>
    </Image>
    <Image Include="Assets\Square44x44Logo.altform-unplated_targetsize-32.png">
      <Filter>Assets</Filter>
    </Image>
    <Image Include="Assets\Square44x44Logo.altform-unplated_targetsize-48.png">
      <Filter>Assets</Filter>
    </Image>
    <Image Include="Assets\Square44x44Logo.altform-unplated_targetsize-256.png">
      <Filter>Assets</Filter>
    </Image>
    <Image Include="Assets\Square44x44Logo.scale-100.png">
      <Filter>Assets</Filter>
    </Image>
    <Image Include="Assets\Square44x44Logo.scale-125.png">
      <Filter>Assets</Filter>
    </Image>
    <Image Include="Assets\Square44x44Logo.scale-150.png">
      <Filter>Assets</Filter>
    </Image>
    <Image Include="Assets\Square44x44Logo.scale-400.png">
      <Filter>Assets</Filter>
    </Image>
    <Image Include="Assets\Square44x44Logo.targetsize-16.png">
      <Filter>Assets</Filter>
    </Image>
    <Image Include="Assets\Square44x44Logo.targetsize-24.png">
      <Filter>Assets</Filter>
    </Image>
    <Image Include="Assets\Square44x44Logo.targetsize-32.png">
      <Filter>Assets</Filter>
    </Image>
    <Image Include="Assets\Square44x44Logo.targetsize-48.png">
      <Filter>Assets</Filter>
    </Image>
    <Image Include="Assets\Square44x44Logo.targetsize-256.png">
      <Filter>Assets</Filter>
    </Image>
    <Image Include="Assets\Tiny_skin.dds">
      <Filter>Assets</Filter>
    </Image>
    <Image Include="Assets\WideLogo.scale-200.png">
      <Filter>Assets</Filter>
    </Image>
    <Image Include="Assets\windowslogo.dds">
      <Filter>Assets</Filter>
    </Image>
    <Image Include="Assets\Hot3dxRotoDraw-DirectXToolKitXaml12-Sample-App.png">
      <Filter>Assets</Filter>
    </Image>
  </ItemGroup>
  <ItemGroup>
    <AppxManifest Include="Package.appxmanifest" />
  </ItemGroup>
  <ItemGroup>
    <Page Include="DirectXPage.xaml" />
    <Page Include="Scenario1_Start.xaml" />
    <Page Include="Scenario2_Normal.xaml" />
    <Page Include="Scenario3_FileIO.xaml" />
    <Page Include="Scenario4_MySettings.xaml" />
    <Page Include="Scenario5_MatsTexs.xaml" />
    <Page Include="Scenario6_ColorPicker.xaml" />
    <Page Include="Scenario7_SphereDraw.xaml" />
    <Page Include="Scenario8_Help.xaml" />
    <Page Include="Scenario9_Rotate.xaml" />
    <Page Include="Styles.xaml" />
    <Page Include="Scenario10_Sculpt.xaml" />
  </ItemGroup>
  <ItemGroup>
    <None Include="Assets\ADPCMdroid.xwb">
      <Filter>Assets</Filter>
    </None>
    <None Include="Assets\cursor1.cur">
      <Filter>Assets</Filter>
    </None>
    <None Include="Assets\italic.spritefont">
      <Filter>Assets</Filter>
    </None>
    <None Include="Assets\occcity.bin">
      <Filter>Assets</Filter>
    </None>
    <None Include="Assets\SegoeUI_18.spritefont">
      <Filter>Assets</Filter>
    </None>
    <None Include="Assets\TeapotData.inc">
      <Filter>Assets</Filter>
    </None>
    <None Include="Assets\tiny.sdkmesh">
      <Filter>Assets</Filter>
    </None>
    <None Include="Package.StoreAssociation.xml" />
    <None Include="packages.config" />
  </ItemGroup>
  <ItemGroup>
    <Media Include="Assets\musicmono_adpcm.wav">
      <Filter>Assets</Filter>
    </Media>
  </ItemGroup>
  <ItemGroup>
    <Font Include="Assets\segoeui.ttf">
      <Filter>Assets</Filter>
    </Font>
  </ItemGroup>
</Project>